
Microsoft Visual Studio Solution File, Format Version 12.00
# Visual Studio Version 17
VisualStudioVersion = 17.3.32901.215
MinimumVisualStudioVersion = 10.0.40219.1
Project("{9A19103F-16F7-4668-BE54-9A1E7A4F7556}") = "06_dict_interfaces", "06_dict_interfaces\06_dict_interfaces.csproj", "{4503D335-7A09-4135-8F25-8F25AB7A0C02}"
EndProject
Project("{FAE04EC0-301F-11D3-BF4B-00C04F79EFBC}") = "ConsoleApp1", "ConsoleApp1\ConsoleApp1.csproj", "{8D8E3384-DCBD-4380-91A2-13BA2210436C}"
EndProject
Global
	GlobalSection(SolutionConfigurationPlatforms) = preSolution
		Debug|Any CPU = Debug|Any CPU
		Release|Any CPU = Release|Any CPU
	EndGlobalSection
	GlobalSection(ProjectConfigurationPlatforms) = postSolution
		{4503D335-7A09-4135-8F25-8F25AB7A0C02}.Debug|Any CPU.ActiveCfg = Debug|Any CPU
		{4503D335-7A09-4135-8F25-8F25AB7A0C02}.Debug|Any CPU.Build.0 = Debug|Any CPU
		{4503D335-7A09-4135-8F25-8F25AB7A0C02}.Release|Any CPU.ActiveCfg = Release|Any CPU
		{4503D335-7A09-4135-8F25-8F25AB7A0C02}.Release|Any CPU.Build.0 = Release|Any CPU
		{8D8E3384-DCBD-4380-91A2-13BA2210436C}.Debug|Any CPU.ActiveCfg = Debug|Any CPU
		{8D8E3384-DCBD-4380-91A2-13BA2210436C}.Debug|Any CPU.Build.0 = Debug|Any CPU
		{8D8E3384-DCBD-4380-91A2-13BA2210436C}.Release|Any CPU.ActiveCfg = Release|Any CPU
		{8D8E3384-DCBD-4380-91A2-13BA2210436C}.Release|Any CPU.Build.0 = Release|Any CPU
	EndGlobalSection
	GlobalSection(SolutionProperties) = preSolution
		HideSolutionNode = FALSE
	EndGlobalSection
	GlobalSection(ExtensibilityGlobals) = postSolution
		SolutionGuid = {1138857D-B74E-4410-9D81-81BD86E7F0C1}
	EndGlobalSection
EndGlobal
